<?xml version="1.0" encoding="utf-8"?>
<Project ToolsVersion="4.0" xmlns="http://schemas.microsoft.com/developer/msbuild/2003">
  <ItemGroup>
    <Filter Include="Source Files">
      <UniqueIdentifier>{4FC737F1-C7A5-4376-A066-2A32D752A2FF}</UniqueIdentifier>
      <Extensions>cpp;c;cc;cxx;def;odl;idl;hpj;bat;asm;asmx</Extensions>
    </Filter>
    <Filter Include="Header Files">
      <UniqueIdentifier>{93995380-89BD-4b04-88EB-625FBE52EBFB}</UniqueIdentifier>
      <Extensions>h;hh;hpp;hxx;hm;inl;inc;xsd</Extensions>
    </Filter>
    <Filter Include="Resource Files">
      <UniqueIdentifier>{67DA6AB6-F800-4c08-8B7A-83BB121AAD01}</UniqueIdentifier>
      <Extensions>rc;ico;cur;bmp;dlg;rc2;rct;bin;rgs;gif;jpg;jpeg;jpe;resx;tiff;tif;png;wav;mfcribbon-ms</Extensions>
    </Filter>
  </ItemGroup>
  <ItemGroup>
    <ClCompile Include="ApplicationManager.cpp">
      <Filter>Source Files</Filter>
    </ClCompile>
    <ClCompile Include="GUI\Bar.cpp">
      <Filter>Source Files</Filter>
    </ClCompile>
    <ClCompile Include="GUI\Button.cpp">
      <Filter>Source Files</Filter>
    </ClCompile>
    <ClCompile Include="GUI\Canvas.cpp">
      <Filter>Source Files</Filter>
    </ClCompile>
    <ClCompile Include="GUI\Input.cpp">
      <Filter>Source Files</Filter>
    </ClCompile>
    <ClCompile Include="GUI\Interface.cpp">
      <Filter>Source Files</Filter>
    </ClCompile>
    <ClCompile Include="GUI\Output.cpp">
      <Filter>Source Files</Filter>
    </ClCompile>
    <ClCompile Include="Components\AND2.cpp">
      <Filter>Source Files</Filter>
    </ClCompile>
    <ClCompile Include="Components\AND3.cpp">
      <Filter>Source Files</Filter>
    </ClCompile>
    <ClCompile Include="Components\BUFFER.cpp">
      <Filter>Source Files</Filter>
    </ClCompile>
    <ClCompile Include="Components\Component.cpp">
      <Filter>Source Files</Filter>
    </ClCompile>
    <ClCompile Include="Components\Connection.cpp">
      <Filter>Source Files</Filter>
    </ClCompile>
    <ClCompile Include="Components\Gate.cpp">
      <Filter>Source Files</Filter>
    </ClCompile>
    <ClCompile Include="Components\InputPin.cpp">
      <Filter>Source Files</Filter>
    </ClCompile>
    <ClCompile Include="Components\LED.cpp">
      <Filter>Source Files</Filter>
    </ClCompile>
    <ClCompile Include="Components\NAND2.cpp">
      <Filter>Source Files</Filter>
    </ClCompile>
    <ClCompile Include="Components\NAND3.cpp">
      <Filter>Source Files</Filter>
    </ClCompile>
    <ClCompile Include="Components\NOR2.cpp">
      <Filter>Source Files</Filter>
    </ClCompile>
    <ClCompile Include="Components\NOR3.cpp">
      <Filter>Source Files</Filter>
    </ClCompile>
    <ClCompile Include="Components\NOT.cpp">
      <Filter>Source Files</Filter>
    </ClCompile>
    <ClCompile Include="Components\OR2.cpp">
      <Filter>Source Files</Filter>
    </ClCompile>
    <ClCompile Include="Components\OR3.cpp">
      <Filter>Source Files</Filter>
    </ClCompile>
    <ClCompile Include="Components\OutputPin.cpp">
      <Filter>Source Files</Filter>
    </ClCompile>
    <ClCompile Include="Components\Pin.cpp">
      <Filter>Source Files</Filter>
    </ClCompile>
    <ClCompile Include="Components\SWITCH.cpp">
      <Filter>Source Files</Filter>
    </ClCompile>
    <ClCompile Include="Components\XNOR2.cpp">
      <Filter>Source Files</Filter>
    </ClCompile>
    <ClCompile Include="Components\XNOR3.cpp">
      <Filter>Source Files</Filter>
    </ClCompile>
    <ClCompile Include="Components\XOR2.cpp">
      <Filter>Source Files</Filter>
    </ClCompile>
    <ClCompile Include="Components\XOR3.cpp">
      <Filter>Source Files</Filter>
    </ClCompile>
    <ClCompile Include="Actions\Add.cpp">
      <Filter>Source Files</Filter>
    </ClCompile>
    <ClCompile Include="Actions\AddNewComponent.cpp">
      <Filter>Source Files</Filter>
    </ClCompile>
    <ClCompile Include="Actions\AddNewConnection.cpp">
      <Filter>Source Files</Filter>
    </ClCompile>
    <ClCompile Include="Actions\AdjustOffset.cpp">
      <Filter>Source Files</Filter>
    </ClCompile>
    <ClCompile Include="Actions\Copy.cpp">
      <Filter>Source Files</Filter>
    </ClCompile>
    <ClCompile Include="Actions\Cut.cpp">
      <Filter>Source Files</Filter>
    </ClCompile>
    <ClCompile Include="Actions\Delete.cpp">
      <Filter>Source Files</Filter>
    </ClCompile>
    <ClCompile Include="Actions\Drag.cpp">
      <Filter>Source Files</Filter>
    </ClCompile>
    <ClCompile Include="Actions\HandleActiveBar.cpp">
      <Filter>Source Files</Filter>
    </ClCompile>
    <ClCompile Include="Actions\HandleLeftClick.cpp">
      <Filter>Source Files</Filter>
    </ClCompile>
    <ClCompile Include="Actions\Paste.cpp">
      <Filter>Source Files</Filter>
    </ClCompile>
    <ClCompile Include="Actions\Simulate.cpp">
      <Filter>Source Files</Filter>
    </ClCompile>
    <ClCompile Include="Actions\Stop.cpp">
      <Filter>Source Files</Filter>
    </ClCompile>
    <ClCompile Include="Actions\TruthTable.cpp">
      <Filter>Source Files</Filter>
    </ClCompile>
    <ClCompile Include="Actions\ZoomIn.cpp">
      <Filter>Source Files</Filter>
    </ClCompile>
    <ClCompile Include="Actions\ZoomOut.cpp">
      <Filter>Source Files</Filter>
    </ClCompile>
    <ClCompile Include="GraphicsInfo.cpp">
      <Filter>Source Files</Filter>
    </ClCompile>
    <ClCompile Include="Grid.cpp">
      <Filter>Source Files</Filter>
    </ClCompile>
    <ClCompile Include="main.cpp">
      <Filter>Source Files</Filter>
    </ClCompile>
    <ClCompile Include="Actions\SwitchSignal.cpp">
      <Filter>Source Files</Filter>
    </ClCompile>
  </ItemGroup>
  <ItemGroup>
    <ClInclude Include="ApplicationManager.h">
      <Filter>Header Files</Filter>
    </ClInclude>
    <ClInclude Include="GUI\Bar.h">
      <Filter>Header Files</Filter>
    </ClInclude>
    <ClInclude Include="GUI\Button.h">
      <Filter>Header Files</Filter>
    </ClInclude>
    <ClInclude Include="GUI\Canvas.h">
      <Filter>Header Files</Filter>
    </ClInclude>
    <ClInclude Include="GUI\Input.h">
      <Filter>Header Files</Filter>
    </ClInclude>
    <ClInclude Include="GUI\Interface.h">
      <Filter>Header Files</Filter>
    </ClInclude>
    <ClInclude Include="GUI\Output.h">
      <Filter>Header Files</Filter>
    </ClInclude>
    <ClInclude Include="Components\AND2.h">
      <Filter>Header Files</Filter>
    </ClInclude>
    <ClInclude Include="Components\AND3.h">
      <Filter>Header Files</Filter>
    </ClInclude>
    <ClInclude Include="Components\BUFFER.h">
      <Filter>Header Files</Filter>
    </ClInclude>
    <ClInclude Include="Components\Component.h">
      <Filter>Header Files</Filter>
    </ClInclude>
    <ClInclude Include="Components\Connection.h">
      <Filter>Header Files</Filter>
    </ClInclude>
    <ClInclude Include="Components\Gate.h">
      <Filter>Header Files</Filter>
    </ClInclude>
    <ClInclude Include="Components\InputPin.h">
      <Filter>Header Files</Filter>
    </ClInclude>
    <ClInclude Include="Components\LED.h">
      <Filter>Header Files</Filter>
    </ClInclude>
    <ClInclude Include="Components\NAND2.h">
      <Filter>Header Files</Filter>
    </ClInclude>
    <ClInclude Include="Components\NAND3.h">
      <Filter>Header Files</Filter>
    </ClInclude>
    <ClInclude Include="Components\NOR2.h">
      <Filter>Header Files</Filter>
    </ClInclude>
    <ClInclude Include="Components\NOR3.h">
      <Filter>Header Files</Filter>
    </ClInclude>
    <ClInclude Include="Components\NOT.h">
      <Filter>Header Files</Filter>
    </ClInclude>
    <ClInclude Include="Components\OR2.h">
      <Filter>Header Files</Filter>
    </ClInclude>
    <ClInclude Include="Components\OR3.h">
      <Filter>Header Files</Filter>
    </ClInclude>
    <ClInclude Include="Components\OutputPin.h">
      <Filter>Header Files</Filter>
    </ClInclude>
    <ClInclude Include="Components\Pin.h">
      <Filter>Header Files</Filter>
    </ClInclude>
    <ClInclude Include="Components\SWITCH.h">
      <Filter>Header Files</Filter>
    </ClInclude>
    <ClInclude Include="Components\XNOR2.h">
      <Filter>Header Files</Filter>
    </ClInclude>
    <ClInclude Include="Components\XNOR3.h">
      <Filter>Header Files</Filter>
    </ClInclude>
    <ClInclude Include="Components\XOR2.h">
      <Filter>Header Files</Filter>
    </ClInclude>
    <ClInclude Include="Components\XOR3.h">
      <Filter>Header Files</Filter>
    </ClInclude>
    <ClInclude Include="Actions\Action.h">
      <Filter>Header Files</Filter>
    </ClInclude>
    <ClInclude Include="Actions\Add.h">
      <Filter>Header Files</Filter>
    </ClInclude>
    <ClInclude Include="Actions\AddNewComponent.h">
      <Filter>Header Files</Filter>
    </ClInclude>
    <ClInclude Include="Actions\AddNewConnection.h">
      <Filter>Header Files</Filter>
    </ClInclude>
    <ClInclude Include="Actions\AdjustOffset.h">
      <Filter>Header Files</Filter>
    </ClInclude>
    <ClInclude Include="Actions\Copy.h">
      <Filter>Header Files</Filter>
    </ClInclude>
    <ClInclude Include="Actions\Cut.h">
      <Filter>Header Files</Filter>
    </ClInclude>
    <ClInclude Include="Actions\Delete.h">
      <Filter>Header Files</Filter>
    </ClInclude>
    <ClInclude Include="Actions\Drag.h">
      <Filter>Header Files</Filter>
    </ClInclude>
    <ClInclude Include="Actions\HandleActiveBar.h">
      <Filter>Header Files</Filter>
    </ClInclude>
    <ClInclude Include="Actions\HandleLeftClick.h">
      <Filter>Header Files</Filter>
    </ClInclude>
    <ClInclude Include="Actions\Paste.h">
      <Filter>Header Files</Filter>
    </ClInclude>
    <ClInclude Include="Actions\Simulate.h">
      <Filter>Header Files</Filter>
    </ClInclude>
    <ClInclude Include="Actions\Stop.h">
      <Filter>Header Files</Filter>
    </ClInclude>
    <ClInclude Include="Actions\TruthTable.h">
      <Filter>Header Files</Filter>
    </ClInclude>
    <ClInclude Include="Actions\ZoomIn.h">
      <Filter>Header Files</Filter>
    </ClInclude>
    <ClInclude Include="Actions\ZoomOut.h">
      <Filter>Header Files</Filter>
    </ClInclude>
    <ClInclude Include="Enums.h">
      <Filter>Header Files</Filter>
    </ClInclude>
    <ClInclude Include="GraphicsInfo.h">
      <Filter>Header Files</Filter>
    </ClInclude>
    <ClInclude Include="Grid.h">
      <Filter>Header Files</Filter>
    </ClInclude>
    <ClInclude Include="Actions\SwitchSignal.h">
      <Filter>Header Files</Filter>
    </ClInclude>
  </ItemGroup>
</Project>